
Microsoft Visual Studio Solution File, Format Version 12.00
# Visual Studio Version 17
VisualStudioVersion = 17.3.32922.545
MinimumVisualStudioVersion = 10.0.40219.1
Project("{FAE04EC0-301F-11D3-BF4B-00C04F79EFBC}") = "ClassLibrary1", "ClassLibrary1\ClassLibrary1.csproj", "{542CB99D-F325-439F-AECA-47E617F2886A}"
EndProject
Global
	GlobalSection(SolutionConfigurationPlatforms) = preSolution
		Debug|Any CPU = Debug|Any CPU
		Release|Any CPU = Release|Any CPU
	EndGlobalSection
	GlobalSection(ProjectConfigurationPlatforms) = postSolution
		{542CB99D-F325-439F-AECA-47E617F2886A}.Debug|Any CPU.ActiveCfg = Debug|Any CPU
		{542CB99D-F325-439F-AECA-47E617F2886A}.Debug|Any CPU.Build.0 = Debug|Any CPU
		{542CB99D-F325-439F-AECA-47E617F2886A}.Release|Any CPU.ActiveCfg = Release|Any CPU
		{542CB99D-F325-439F-AECA-47E617F2886A}.Release|Any CPU.Build.0 = Release|Any CPU
	EndGlobalSection
	GlobalSection(SolutionProperties) = preSolution
		HideSolutionNode = FALSE
	EndGlobalSection
	GlobalSection(ExtensibilityGlobals) = postSolution
		SolutionGuid = {0A5298BE-B9B7-4B0F-B00D-1C968CCFE17F}
	EndGlobalSection
EndGlobal
